{
  "nodes": {
    "flake-utils": {
      "inputs": {
        "systems": "systems"
      },
      "locked": {
        "lastModified": 1731533236,
        "narHash": "sha256-l0KFg5HjrsfsO/JpG+r7fRrqm12kzFHyUHqHCVpMMbI=",
        "owner": "numtide",
        "repo": "flake-utils",
        "rev": "11707dc2f618dd54ca8739b309ec4fc024de578b",
        "type": "github"
      },
      "original": {
        "owner": "numtide",
        "repo": "flake-utils",
        "type": "github"
      }
    },
    "nixpkgs": {
      "locked": {
        "lastModified": 1778003029,
        "narHash": "sha256-q/nkKLDtHIyLjZpKhWk3cSK5IYsFqtMd6UtXF3ddjgA=",
        "owner": "NixOS",
        "repo": "nixpkgs",
        "rev": "0c88e1f2bdb93d5999019e99cb0e61e1fe2af4c5",
        "type": "github"
      },
      "original": {
        "owner": "NixOS",
        "ref": "nixos-25.11",
        "repo": "nixpkgs",
        "type": "github"
      }
    },
    "nixpkgs_2": {
      "locked": {
        "lastModified": 1778643071,
        "narHash": "sha256-0nxOs3C7pUKYmiNB7iCRFe/6LLSur2FyQOx4iatyUYc=",
        "owner": "nixos",
        "repo": "nixpkgs",
        "rev": "b69be83792d7b769a768378cf12b282480607737",
        "type": "github"
      },
      "original": {
        "owner": "nixos",
        "repo": "nixpkgs",
        "type": "github"
      }
    },
    "nixpkgs_3": {
      "locked": {
        "lastModified": 1778430510,
        "narHash": "sha256-Ti+ZBvW6yrWWAg2szExVTwCd4qOJ3KlVr1tFHfyfi8Q=",
        "owner": "NixOS",
        "repo": "nixpkgs",
        "rev": "8fd9daa3db09ced9700431c5b7ad0e8ba199b575",
        "type": "github"
      },
      "original": {
        "owner": "NixOS",
        "ref": "nixos-25.11",
        "repo": "nixpkgs",
        "type": "github"
      }
    },
    "root": {
      "inputs": {
        "z-wgpu-native": "z-wgpu-native",
        "zig2nix": "zig2nix",
        "zigwin32gen": "zigwin32gen",
        "zls-overlay": "zls-overlay_2"
      }
    },
    "systems": {
      "locked": {
        "lastModified": 1681028828,
        "narHash": "sha256-Vy1rq5AaRuLzOxct8nz4T6wlgyUR7zLU309k9mBC768=",
        "owner": "nix-systems",
        "repo": "default",
        "rev": "da67096a3b9bf56a91d16901293e51ba5b49a27e",
        "type": "github"
      },
      "original": {
        "owner": "nix-systems",
        "repo": "default",
        "type": "github"
      }
    },
    "z-wgpu-native": {
      "inputs": {
        "zig2nix": [
          "zig2nix"
        ],
        "zls-overlay": "zls-overlay"
      },
      "locked": {
        "lastModified": 1778695134,
        "narHash": "sha256-UqMyY+ay1jkhmVsbBb1mUrKj4tcHJbH0YatXcFYkk3E=",
        "ref": "refs/heads/main",
        "rev": "845b0a591f86c695fcd9fc95a5a3fee0ad09dafb",
        "revCount": 28,
        "submodules": true,
        "type": "git",
        "url": "https://git.toastyx.dev/toasty/z-wgpu-native.git"
      },
      "original": {
        "type": "git",
        "url": "https://git.toastyx.dev/toasty/z-wgpu-native.git"
      }
    },
    "zig-flake": {
      "inputs": {
        "nixpkgs": [
          "z-wgpu-native",
          "zls-overlay",
          "nixpkgs"
        ]
      },
      "locked": {
        "lastModified": 1778043693,
        "narHash": "sha256-bXki1eB4/4tDKzkASk036jGRLE1RyQkxKWcT4mPoCO4=",
        "owner": "silversquirl",
        "repo": "zig-flake",
        "rev": "571f9f364b2b5555ba8c155806f39545bca71997",
        "type": "github"
      },
      "original": {
        "owner": "silversquirl",
        "repo": "zig-flake",
        "type": "github"
      }
    },
    "zig-flake_2": {
      "inputs": {
        "nixpkgs": [
          "zls-overlay",
          "nixpkgs"
        ]
      },
      "locked": {
        "lastModified": 1778524253,
        "narHash": "sha256-zm8q9v7KmBjtMTP1x6kk2Fh3XrAySDnZl3dMZl0Jqkc=",
        "owner": "silversquirl",
        "repo": "zig-flake",
        "rev": "824cb996143ba0f42653b5312a1d3cb8822c3947",
        "type": "github"
      },
      "original": {
        "owner": "silversquirl",
        "repo": "zig-flake",
        "type": "github"
      }
    },
    "zig2nix": {
      "inputs": {
        "flake-utils": "flake-utils",
        "nixpkgs": "nixpkgs_2"
      },
      "locked": {
        "lastModified": 1778643866,
        "narHash": "sha256-3sZuKh8j0LHzhQ2xoEZq1zbXv/xaIMXPA1ibepPCuGY=",
        "owner": "cloudef",
        "repo": "zig2nix",
        "rev": "fbeb33d40718429348ae995f7b8c43f4ac32b9fe",
        "type": "github"
      },
      "original": {
        "owner": "cloudef",
        "repo": "zig2nix",
        "type": "github"
      }
    },
    "zigwin32gen": {
      "flake": false,
      "locked": {
        "lastModified": 1776714449,
        "narHash": "sha256-oK2M+7JWGbXi6tLt4G+4nz2a435m6RS2qpMoEkhXJCo=",
        "owner": "marlersoft",
        "repo": "zigwin32gen",
        "rev": "c6dd1341a0e2b9325e4f4787e1dc310262e28c92",
        "type": "github"
      },
      "original": {
        "owner": "marlersoft",
        "repo": "zigwin32gen",
        "type": "github"
      }
    },
    "zls-overlay": {
      "inputs": {
        "nixpkgs": "nixpkgs",
        "zig-flake": "zig-flake"
      },
      "locked": {
        "lastModified": 1778162772,
        "narHash": "sha256-P9xzqmPR1iq/iY8YKVbrhC0cICxL6UroKraECNLNxFc=",
        "owner": "zigtools",
        "repo": "zls",
        "rev": "f298676494808ce800d4e805e510e31f3cbd7335",
        "type": "github"
      },
      "original": {
        "owner": "zigtools",
        "repo": "zls",
        "type": "github"
      }
    },
    "zls-overlay_2": {
      "inputs": {
        "nixpkgs": "nixpkgs_3",
        "zig-flake": "zig-flake_2"
      },
      "locked": {
        "lastModified": 1778621944,
        "narHash": "sha256-PysSHbrzf/Yk1MEJbASSfnDOrn8v0bZ8SWYYNiMT1AA=",
        "owner": "zigtools",
        "repo": "zls",
        "rev": "5d97c95abe5325178f3553cfc5193b2436e2d82a",
        "type": "github"
      },
      "original": {
        "owner": "zigtools",
        "repo": "zls",
        "type": "github"
      }
    }
  },
  "root": "root",
  "version": 7
}
